
Microsoft Visual Studio Solution File, Format Version 12.00
# Visual Studio Version 17
VisualStudioVersion = 17.0.31903.59
MinimumVisualStudioVersion = 10.0.40219.1
Project("{FAE04EC0-301F-11D3-BF4B-00C04F79EFBC}") = "efexample", "efexample\efexample.csproj", "{F4D5F997-71CE-4961-93EA-86AFF7B8E03F}"
EndProject
Project("{FAE04EC0-301F-11D3-BF4B-00C04F79EFBC}") = "efexample.Tests", "efexample.Tests\efexample.Tests.csproj", "{0D950DAB-D9F6-4E7B-B0B0-CC45872E2981}"
EndProject
Global
	GlobalSection(SolutionConfigurationPlatforms) = preSolution
		Debug|Any CPU = Debug|Any CPU
		Debug|x64 = Debug|x64
		Debug|x86 = Debug|x86
		Release|Any CPU = Release|Any CPU
		Release|x64 = Release|x64
		Release|x86 = Release|x86
	EndGlobalSection
	GlobalSection(ProjectConfigurationPlatforms) = postSolution
		{F4D5F997-71CE-4961-93EA-86AFF7B8E03F}.Debug|Any CPU.ActiveCfg = Debug|Any CPU
		{F4D5F997-71CE-4961-93EA-86AFF7B8E03F}.Debug|Any CPU.Build.0 = Debug|Any CPU
		{F4D5F997-71CE-4961-93EA-86AFF7B8E03F}.Debug|x64.ActiveCfg = Debug|Any CPU
		{F4D5F997-71CE-4961-93EA-86AFF7B8E03F}.Debug|x64.Build.0 = Debug|Any CPU
		{F4D5F997-71CE-4961-93EA-86AFF7B8E03F}.Debug|x86.ActiveCfg = Debug|Any CPU
		{F4D5F997-71CE-4961-93EA-86AFF7B8E03F}.Debug|x86.Build.0 = Debug|Any CPU
		{F4D5F997-71CE-4961-93EA-86AFF7B8E03F}.Release|Any CPU.ActiveCfg = Release|Any CPU
		{F4D5F997-71CE-4961-93EA-86AFF7B8E03F}.Release|Any CPU.Build.0 = Release|Any CPU
		{F4D5F997-71CE-4961-93EA-86AFF7B8E03F}.Release|x64.ActiveCfg = Release|Any CPU
		{F4D5F997-71CE-4961-93EA-86AFF7B8E03F}.Release|x64.Build.0 = Release|Any CPU
		{F4D5F997-71CE-4961-93EA-86AFF7B8E03F}.Release|x86.ActiveCfg = Release|Any CPU
		{F4D5F997-71CE-4961-93EA-86AFF7B8E03F}.Release|x86.Build.0 = Release|Any CPU
		{0D950DAB-D9F6-4E7B-B0B0-CC45872E2981}.Debug|Any CPU.ActiveCfg = Debug|Any CPU
		{0D950DAB-D9F6-4E7B-B0B0-CC45872E2981}.Debug|Any CPU.Build.0 = Debug|Any CPU
		{0D950DAB-D9F6-4E7B-B0B0-CC45872E2981}.Debug|x64.ActiveCfg = Debug|Any CPU
		{0D950DAB-D9F6-4E7B-B0B0-CC45872E2981}.Debug|x64.Build.0 = Debug|Any CPU
		{0D950DAB-D9F6-4E7B-B0B0-CC45872E2981}.Debug|x86.ActiveCfg = Debug|Any CPU
		{0D950DAB-D9F6-4E7B-B0B0-CC45872E2981}.Debug|x86.Build.0 = Debug|Any CPU
		{0D950DAB-D9F6-4E7B-B0B0-CC45872E2981}.Release|Any CPU.ActiveCfg = Release|Any CPU
		{0D950DAB-D9F6-4E7B-B0B0-CC45872E2981}.Release|Any CPU.Build.0 = Release|Any CPU
		{0D950DAB-D9F6-4E7B-B0B0-CC45872E2981}.Release|x64.ActiveCfg = Release|Any CPU
		{0D950DAB-D9F6-4E7B-B0B0-CC45872E2981}.Release|x64.Build.0 = Release|Any CPU
		{0D950DAB-D9F6-4E7B-B0B0-CC45872E2981}.Release|x86.ActiveCfg = Release|Any CPU
		{0D950DAB-D9F6-4E7B-B0B0-CC45872E2981}.Release|x86.Build.0 = Release|Any CPU
	EndGlobalSection
	GlobalSection(SolutionProperties) = preSolution
		HideSolutionNode = FALSE
	EndGlobalSection
EndGlobal
